
Microsoft Visual Studio Solution File, Format Version 12.00
# Visual Studio Version 16
VisualStudioVersion = 16.0.30804.86
MinimumVisualStudioVersion = 15.0.26124.0
Project("{9A19103F-16F7-4668-BE54-9A1E7A4F7556}") = "Mirero.RabbitMQ.Extensions.DependencyInjection", "Mirero.RabbitMQ.Extensions.DependencyInjection\Mirero.RabbitMQ.Extensions.DependencyInjection.csproj", "{1637F35A-CB65-46CB-B7B7-65E64BC48760}"
EndProject
Project("{9A19103F-16F7-4668-BE54-9A1E7A4F7556}") = "AspNetCore.Tests", "Mirero.RabbitMQ.Extensions.DependencyInjection.Tests\AspNetCore.Tests.csproj", "{95DBFF5C-1F23-4663-9792-FF29F5D430CC}"
EndProject
Project("{9A19103F-16F7-4668-BE54-9A1E7A4F7556}") = "GeneralHost.Tests", "Mirero.RabbitMQ.Extensions.DependencyInjection.Tests2\GeneralHost.Tests.csproj", "{F3E9D040-61D9-404E-8969-77F2F3F8FE22}"
EndProject
Project("{9A19103F-16F7-4668-BE54-9A1E7A4F7556}") = "Actor.Tests", "Akka.Tests\Actor.Tests.csproj", "{A7869B9C-108F-4784-A8B1-3884B0558420}"
EndProject
Project("{9A19103F-16F7-4668-BE54-9A1E7A4F7556}") = "ConsoleAppWithActor", "ConsoleAppWithActor\ConsoleAppWithActor.csproj", "{68DE80D4-CF03-4066-A6BB-C00EEBEC4676}"
EndProject
Global
	GlobalSection(SolutionConfigurationPlatforms) = preSolution
		Debug|Any CPU = Debug|Any CPU
		Debug|x64 = Debug|x64
		Debug|x86 = Debug|x86
		Release|Any CPU = Release|Any CPU
		Release|x64 = Release|x64
		Release|x86 = Release|x86
	EndGlobalSection
	GlobalSection(ProjectConfigurationPlatforms) = postSolution
		{1637F35A-CB65-46CB-B7B7-65E64BC48760}.Debug|Any CPU.ActiveCfg = Debug|Any CPU
		{1637F35A-CB65-46CB-B7B7-65E64BC48760}.Debug|Any CPU.Build.0 = Debug|Any CPU
		{1637F35A-CB65-46CB-B7B7-65E64BC48760}.Debug|x64.ActiveCfg = Debug|Any CPU
		{1637F35A-CB65-46CB-B7B7-65E64BC48760}.Debug|x64.Build.0 = Debug|Any CPU
		{1637F35A-CB65-46CB-B7B7-65E64BC48760}.Debug|x86.ActiveCfg = Debug|Any CPU
		{1637F35A-CB65-46CB-B7B7-65E64BC48760}.Debug|x86.Build.0 = Debug|Any CPU
		{1637F35A-CB65-46CB-B7B7-65E64BC48760}.Release|Any CPU.ActiveCfg = Release|Any CPU
		{1637F35A-CB65-46CB-B7B7-65E64BC48760}.Release|Any CPU.Build.0 = Release|Any CPU
		{1637F35A-CB65-46CB-B7B7-65E64BC48760}.Release|x64.ActiveCfg = Release|Any CPU
		{1637F35A-CB65-46CB-B7B7-65E64BC48760}.Release|x64.Build.0 = Release|Any CPU
		{1637F35A-CB65-46CB-B7B7-65E64BC48760}.Release|x86.ActiveCfg = Release|Any CPU
		{1637F35A-CB65-46CB-B7B7-65E64BC48760}.Release|x86.Build.0 = Release|Any CPU
		{95DBFF5C-1F23-4663-9792-FF29F5D430CC}.Debug|Any CPU.ActiveCfg = Debug|Any CPU
		{95DBFF5C-1F23-4663-9792-FF29F5D430CC}.Debug|Any CPU.Build.0 = Debug|Any CPU
		{95DBFF5C-1F23-4663-9792-FF29F5D430CC}.Debug|x64.ActiveCfg = Debug|Any CPU
		{95DBFF5C-1F23-4663-9792-FF29F5D430CC}.Debug|x64.Build.0 = Debug|Any CPU
		{95DBFF5C-1F23-4663-9792-FF29F5D430CC}.Debug|x86.ActiveCfg = Debug|Any CPU
		{95DBFF5C-1F23-4663-9792-FF29F5D430CC}.Debug|x86.Build.0 = Debug|Any CPU
		{95DBFF5C-1F23-4663-9792-FF29F5D430CC}.Release|Any CPU.ActiveCfg = Release|Any CPU
		{95DBFF5C-1F23-4663-9792-FF29F5D430CC}.Release|Any CPU.Build.0 = Release|Any CPU
		{95DBFF5C-1F23-4663-9792-FF29F5D430CC}.Release|x64.ActiveCfg = Release|Any CPU
		{95DBFF5C-1F23-4663-9792-FF29F5D430CC}.Release|x64.Build.0 = Release|Any CPU
		{95DBFF5C-1F23-4663-9792-FF29F5D430CC}.Release|x86.ActiveCfg = Release|Any CPU
		{95DBFF5C-1F23-4663-9792-FF29F5D430CC}.Release|x86.Build.0 = Release|Any CPU
		{F3E9D040-61D9-404E-8969-77F2F3F8FE22}.Debug|Any CPU.ActiveCfg = Debug|Any CPU
		{F3E9D040-61D9-404E-8969-77F2F3F8FE22}.Debug|Any CPU.Build.0 = Debug|Any CPU
		{F3E9D040-61D9-404E-8969-77F2F3F8FE22}.Debug|x64.ActiveCfg = Debug|Any CPU
		{F3E9D040-61D9-404E-8969-77F2F3F8FE22}.Debug|x64.Build.0 = Debug|Any CPU
		{F3E9D040-61D9-404E-8969-77F2F3F8FE22}.Debug|x86.ActiveCfg = Debug|Any CPU
		{F3E9D040-61D9-404E-8969-77F2F3F8FE22}.Debug|x86.Build.0 = Debug|Any CPU
		{F3E9D040-61D9-404E-8969-77F2F3F8FE22}.Release|Any CPU.ActiveCfg = Release|Any CPU
		{F3E9D040-61D9-404E-8969-77F2F3F8FE22}.Release|Any CPU.Build.0 = Release|Any CPU
		{F3E9D040-61D9-404E-8969-77F2F3F8FE22}.Release|x64.ActiveCfg = Release|Any CPU
		{F3E9D040-61D9-404E-8969-77F2F3F8FE22}.Release|x64.Build.0 = Release|Any CPU
		{F3E9D040-61D9-404E-8969-77F2F3F8FE22}.Release|x86.ActiveCfg = Release|Any CPU
		{F3E9D040-61D9-404E-8969-77F2F3F8FE22}.Release|x86.Build.0 = Release|Any CPU
		{A7869B9C-108F-4784-A8B1-3884B0558420}.Debug|Any CPU.ActiveCfg = Debug|Any CPU
		{A7869B9C-108F-4784-A8B1-3884B0558420}.Debug|Any CPU.Build.0 = Debug|Any CPU
		{A7869B9C-108F-4784-A8B1-3884B0558420}.Debug|x64.ActiveCfg = Debug|Any CPU
		{A7869B9C-108F-4784-A8B1-3884B0558420}.Debug|x64.Build.0 = Debug|Any CPU
		{A7869B9C-108F-4784-A8B1-3884B0558420}.Debug|x86.ActiveCfg = Debug|Any CPU
		{A7869B9C-108F-4784-A8B1-3884B0558420}.Debug|x86.Build.0 = Debug|Any CPU
		{A7869B9C-108F-4784-A8B1-3884B0558420}.Release|Any CPU.ActiveCfg = Release|Any CPU
		{A7869B9C-108F-4784-A8B1-3884B0558420}.Release|Any CPU.Build.0 = Release|Any CPU
		{A7869B9C-108F-4784-A8B1-3884B0558420}.Release|x64.ActiveCfg = Release|Any CPU
		{A7869B9C-108F-4784-A8B1-3884B0558420}.Release|x64.Build.0 = Release|Any CPU
		{A7869B9C-108F-4784-A8B1-3884B0558420}.Release|x86.ActiveCfg = Release|Any CPU
		{A7869B9C-108F-4784-A8B1-3884B0558420}.Release|x86.Build.0 = Release|Any CPU
		{68DE80D4-CF03-4066-A6BB-C00EEBEC4676}.Debug|Any CPU.ActiveCfg = Debug|Any CPU
		{68DE80D4-CF03-4066-A6BB-C00EEBEC4676}.Debug|Any CPU.Build.0 = Debug|Any CPU
		{68DE80D4-CF03-4066-A6BB-C00EEBEC4676}.Debug|x64.ActiveCfg = Debug|Any CPU
		{68DE80D4-CF03-4066-A6BB-C00EEBEC4676}.Debug|x64.Build.0 = Debug|Any CPU
		{68DE80D4-CF03-4066-A6BB-C00EEBEC4676}.Debug|x86.ActiveCfg = Debug|Any CPU
		{68DE80D4-CF03-4066-A6BB-C00EEBEC4676}.Debug|x86.Build.0 = Debug|Any CPU
		{68DE80D4-CF03-4066-A6BB-C00EEBEC4676}.Release|Any CPU.ActiveCfg = Release|Any CPU
		{68DE80D4-CF03-4066-A6BB-C00EEBEC4676}.Release|Any CPU.Build.0 = Release|Any CPU
		{68DE80D4-CF03-4066-A6BB-C00EEBEC4676}.Release|x64.ActiveCfg = Release|Any CPU
		{68DE80D4-CF03-4066-A6BB-C00EEBEC4676}.Release|x64.Build.0 = Release|Any CPU
		{68DE80D4-CF03-4066-A6BB-C00EEBEC4676}.Release|x86.ActiveCfg = Release|Any CPU
		{68DE80D4-CF03-4066-A6BB-C00EEBEC4676}.Release|x86.Build.0 = Release|Any CPU
	EndGlobalSection
	GlobalSection(SolutionProperties) = preSolution
		HideSolutionNode = FALSE
	EndGlobalSection
	GlobalSection(ExtensibilityGlobals) = postSolution
		SolutionGuid = {705761B2-B96F-487D-B646-DA96D35AACCB}
	EndGlobalSection
EndGlobal
